
Microsoft Visual Studio Solution File, Format Version 12.00
# Visual Studio 15
VisualStudioVersion = 15.0.28010.2036
MinimumVisualStudioVersion = 10.0.40219.1
Project("{FAE04EC0-301F-11D3-BF4B-00C04F79EFBC}") = "Git", "Git\Git.csproj", "{7B5E998F-D74C-473E-AAE2-B40A38B8B8FB}"
EndProject
Global
	GlobalSection(SolutionConfigurationPlatforms) = preSolution
		Debug|Any CPU = Debug|Any CPU
		Release|Any CPU = Release|Any CPU
	EndGlobalSection
	GlobalSection(ProjectConfigurationPlatforms) = postSolution
		{7B5E998F-D74C-473E-AAE2-B40A38B8B8FB}.Debug|Any CPU.ActiveCfg = Debug|Any CPU
		{7B5E998F-D74C-473E-AAE2-B40A38B8B8FB}.Debug|Any CPU.Build.0 = Debug|Any CPU
		{7B5E998F-D74C-473E-AAE2-B40A38B8B8FB}.Release|Any CPU.ActiveCfg = Release|Any CPU
		{7B5E998F-D74C-473E-AAE2-B40A38B8B8FB}.Release|Any CPU.Build.0 = Release|Any CPU
	EndGlobalSection
	GlobalSection(SolutionProperties) = preSolution
		HideSolutionNode = FALSE
	EndGlobalSection
	GlobalSection(ExtensibilityGlobals) = postSolution
		SolutionGuid = {41F0CCD4-CD6D-4F60-9F03-230A2EE8DFAD}
	EndGlobalSection
EndGlobal
